<?xml version="1.0" encoding="utf-8"?>
<Project ToolsVersion="4.0" xmlns="http://schemas.microsoft.com/developer/msbuild/2003">
  <ItemGroup>
    <ClInclude Include="stdafx.h" />
    <ClInclude Include="Program.h" />
    <ClInclude Include="Demos\01_RectDemo.h" />
    <ClInclude Include="Demos\02_TextureDemo.h" />
    <ClInclude Include="Demos\03_ShadedDemo.h" />
    <ClInclude Include="Demos\04_BlurDemo.h" />
    <ClInclude Include="Demos\05_RenderingTargetDemo.h" />
    <ClInclude Include="Demos\06_CollisionDemo.h" />
    <ClInclude Include="Demos\07_AnimationDemo.h" />
    <ClInclude Include="Character\Player.h" />
    <ClInclude Include="Demos\08_PlayerDemo.h" />
    <ClInclude Include="UI\HUD.h" />
    <ClInclude Include="Demos\09_TileMapDemo.h" />
    <ClInclude Include="Demos\01_StarDemo.h" />
    <ClInclude Include="Demos\02_Dmd_Texture_Demo.cpp.h" />
    <ClInclude Include="Demos\10_Game_Demo.h" />
    <ClInclude Include="Character\Character_Demo.h" />
    <ClInclude Include="Item_Object\Goblin_Sword.h" />
    <ClInclude Include="Character\Knight.h" />
    <ClInclude Include="Item_Object\Knight_Sword.h" />
  </ItemGroup>
  <ItemGroup>
    <ClCompile Include="Program.cpp" />
    <ClCompile Include="Demos\01_RectDemo.cpp" />
    <ClCompile Include="Demos\02_TextureDemo.cpp" />
    <ClCompile Include="Demos\03_ShadedDemo.cpp" />
    <ClCompile Include="Demos\04_BlurDemo.cpp" />
    <ClCompile Include="Demos\05_RenderingTargetDemo.cpp" />
    <ClCompile Include="Demos\06_CollisionDemo.cpp" />
    <ClCompile Include="Demos\07_AnimationDemo.cpp" />
    <ClCompile Include="Character\Player.cpp" />
    <ClCompile Include="Demos\08_PlayerDemo.cpp" />
    <ClCompile Include="UI\HUD.cpp" />
    <ClCompile Include="Demos\09_TileMapDemo.cpp" />
    <ClCompile Include="Demos\01_StarDemo.cpp" />
    <ClCompile Include="Demos\02_Dmd_Texture_Demo.cpp" />
    <ClCompile Include="Demos\10_Game_Demo.cpp" />
    <ClCompile Include="Character\Character_Demo.cpp" />
    <ClCompile Include="Item_Object\Goblin_Sword.cpp" />
    <ClCompile Include="Character\Knight.cpp" />
    <ClCompile Include="Item_Object\Knight_Sword.cpp" />
  </ItemGroup>
</Project>