<?xml version="1.0" encoding="utf-8"?>
<Project ToolsVersion="4.0" xmlns="http://schemas.microsoft.com/developer/msbuild/2003">
  <ItemGroup>
    <ClInclude Include="stdafx.h" />
    <ClInclude Include="Program.h" />
    <ClInclude Include="Character\Player.h" />
    <ClInclude Include="UI\HUD.h" />
    <ClInclude Include="Demos\10_Game_Demo.h" />
    <ClInclude Include="Character\Character_Demo.h" />
    <ClInclude Include="Item_Object\Goblin_Sword.h" />
    <ClInclude Include="Character\Knight.h" />
    <ClInclude Include="Item_Object\Knight_Sword.h" />
    <ClInclude Include="Game_Master\Character_Master.h" />
    <ClInclude Include="Card\Card_Demo.h" />
    <ClInclude Include="Game_Master\User_Hand.h" />
    <ClInclude Include="Game_Master\Battle_Master.h" />
    <ClInclude Include="Game_Master\Shop.h" />
    <ClInclude Include="UI\Ready_Ui.h" />
    <ClInclude Include="Game_Master\UI_Master.h" />
    <ClInclude Include="UI\Card_UI.h" />
    <ClInclude Include="UI\ICard_UI.h" />
    <ClInclude Include="Game_Master\Game_Master.h" />
    <ClInclude Include="Game_Master\Locker.h" />
  </ItemGroup>
  <ItemGroup>
    <ClCompile Include="Program.cpp" />
    <ClCompile Include="Character\Player.cpp" />
    <ClCompile Include="UI\HUD.cpp" />
    <ClCompile Include="Demos\10_Game_Demo.cpp" />
    <ClCompile Include="Character\Character_Demo.cpp" />
    <ClCompile Include="Item_Object\Goblin_Sword.cpp" />
    <ClCompile Include="Character\Knight.cpp" />
    <ClCompile Include="Item_Object\Knight_Sword.cpp" />
    <ClCompile Include="Game_Master\Character_Master.cpp" />
    <ClCompile Include="Card\Card_Demo.cpp" />
    <ClCompile Include="Game_Master\User_Hand.cpp" />
    <ClCompile Include="Game_Master\Battle_Master.cpp" />
    <ClCompile Include="Game_Master\Shop.cpp" />
    <ClCompile Include="UI\Ready_Ui.cpp" />
    <ClCompile Include="Game_Master\UI_Master.cpp" />
    <ClCompile Include="UI\Card_UI.cpp" />
    <ClCompile Include="UI\ICard_UI.cpp" />
    <ClCompile Include="Game_Master\Game_Master.cpp" />
    <ClCompile Include="Game_Master\Locker.cpp" />
  </ItemGroup>
</Project>